
Microsoft Visual Studio Solution File, Format Version 12.00
# Visual Studio Version 17
VisualStudioVersion = 17.10.35027.167
MinimumVisualStudioVersion = 10.0.40219.1
Project("{2150E333-8FDC-42A3-9474-1A3956D46DE8}") = "Core", "Core", "{06B27FB9-6734-4E36-B1FC-8C4A6DA2FD73}"
EndProject
Project("{2150E333-8FDC-42A3-9474-1A3956D46DE8}") = "Client", "Client", "{DB6EC74F-C52C-4CFD-AEA8-B55494223B3F}"
EndProject
Project("{2150E333-8FDC-42A3-9474-1A3956D46DE8}") = "Infrastracture", "Infrastracture", "{39629EF9-0B31-4449-B472-CCFB4DF4C813}"
EndProject
Project("{2150E333-8FDC-42A3-9474-1A3956D46DE8}") = "Presentation", "Presentation", "{5011AD81-C690-49FD-9ED8-6EF3E89981FF}"
EndProject
Project("{2150E333-8FDC-42A3-9474-1A3956D46DE8}") = "CommonHelpers", "CommonHelpers", "{FEEF1E4B-6F82-4E88-ACE2-337F06399677}"
EndProject
Project("{FAE04EC0-301F-11D3-BF4B-00C04F79EFBC}") = "MoviePlatformApi.Domain", "MoviePlatformApi.Domain\MoviePlatformApi.Domain.csproj", "{10E44DA9-6F10-44A7-9682-E45D2A2659AB}"
EndProject
Project("{FAE04EC0-301F-11D3-BF4B-00C04F79EFBC}") = "MoviePlatformApi.Persistence", "MoviePlatformApi.Persistence\MoviePlatformApi.Persistence.csproj", "{09937BEA-F23B-4F24-BE76-2F4D6166375E}"
EndProject
Project("{FAE04EC0-301F-11D3-BF4B-00C04F79EFBC}") = "MoviePlatformApi.WebApi", "MoviePlatformApi.WebApi\MoviePlatformApi.WebApi.csproj", "{4C61F159-1895-4636-AA25-AA960B22C2F9}"
EndProject
Project("{FAE04EC0-301F-11D3-BF4B-00C04F79EFBC}") = "MoviePlatformApi.Application", "MoviePlatformApi.Application\MoviePlatformApi.Application.csproj", "{AF1801F8-890D-4B13-A10A-5E751FD7D320}"
EndProject
Global
	GlobalSection(SolutionConfigurationPlatforms) = preSolution
		Debug|Any CPU = Debug|Any CPU
		Release|Any CPU = Release|Any CPU
	EndGlobalSection
	GlobalSection(ProjectConfigurationPlatforms) = postSolution
		{10E44DA9-6F10-44A7-9682-E45D2A2659AB}.Debug|Any CPU.ActiveCfg = Debug|Any CPU
		{10E44DA9-6F10-44A7-9682-E45D2A2659AB}.Debug|Any CPU.Build.0 = Debug|Any CPU
		{10E44DA9-6F10-44A7-9682-E45D2A2659AB}.Release|Any CPU.ActiveCfg = Release|Any CPU
		{10E44DA9-6F10-44A7-9682-E45D2A2659AB}.Release|Any CPU.Build.0 = Release|Any CPU
		{09937BEA-F23B-4F24-BE76-2F4D6166375E}.Debug|Any CPU.ActiveCfg = Debug|Any CPU
		{09937BEA-F23B-4F24-BE76-2F4D6166375E}.Debug|Any CPU.Build.0 = Debug|Any CPU
		{09937BEA-F23B-4F24-BE76-2F4D6166375E}.Release|Any CPU.ActiveCfg = Release|Any CPU
		{09937BEA-F23B-4F24-BE76-2F4D6166375E}.Release|Any CPU.Build.0 = Release|Any CPU
		{4C61F159-1895-4636-AA25-AA960B22C2F9}.Debug|Any CPU.ActiveCfg = Debug|Any CPU
		{4C61F159-1895-4636-AA25-AA960B22C2F9}.Debug|Any CPU.Build.0 = Debug|Any CPU
		{4C61F159-1895-4636-AA25-AA960B22C2F9}.Release|Any CPU.ActiveCfg = Release|Any CPU
		{4C61F159-1895-4636-AA25-AA960B22C2F9}.Release|Any CPU.Build.0 = Release|Any CPU
		{AF1801F8-890D-4B13-A10A-5E751FD7D320}.Debug|Any CPU.ActiveCfg = Debug|Any CPU
		{AF1801F8-890D-4B13-A10A-5E751FD7D320}.Debug|Any CPU.Build.0 = Debug|Any CPU
		{AF1801F8-890D-4B13-A10A-5E751FD7D320}.Release|Any CPU.ActiveCfg = Release|Any CPU
		{AF1801F8-890D-4B13-A10A-5E751FD7D320}.Release|Any CPU.Build.0 = Release|Any CPU
	EndGlobalSection
	GlobalSection(SolutionProperties) = preSolution
		HideSolutionNode = FALSE
	EndGlobalSection
	GlobalSection(NestedProjects) = preSolution
		{10E44DA9-6F10-44A7-9682-E45D2A2659AB} = {06B27FB9-6734-4E36-B1FC-8C4A6DA2FD73}
		{09937BEA-F23B-4F24-BE76-2F4D6166375E} = {39629EF9-0B31-4449-B472-CCFB4DF4C813}
		{4C61F159-1895-4636-AA25-AA960B22C2F9} = {5011AD81-C690-49FD-9ED8-6EF3E89981FF}
		{AF1801F8-890D-4B13-A10A-5E751FD7D320} = {06B27FB9-6734-4E36-B1FC-8C4A6DA2FD73}
	EndGlobalSection
	GlobalSection(ExtensibilityGlobals) = postSolution
		SolutionGuid = {49873C1B-A36C-43E4-B7C8-90DDB14CF5B1}
	EndGlobalSection
EndGlobal
